
Microsoft Visual Studio Solution File, Format Version 12.00
# Visual Studio Version 17
VisualStudioVersion = 17.10.35027.167
MinimumVisualStudioVersion = 10.0.40219.1
Project("{9A19103F-16F7-4668-BE54-9A1E7A4F7556}") = "ProductsAPI", "ProductsAPI\ProductsAPI.csproj", "{1C62A53E-B52E-4800-9040-656E645056D9}"
EndProject
Project("{FAE04EC0-301F-11D3-BF4B-00C04F79EFBC}") = "ProductsAPITest", "ProductsAPITest\ProductsAPITest.csproj", "{E7675EA6-C7B4-4F48-90F1-6255DEF46A28}"
EndProject
Project("{FAE04EC0-301F-11D3-BF4B-00C04F79EFBC}") = "ProductsDomain", "ProductsDomain\ProductsDomain.csproj", "{E6C19D45-E809-49E0-B366-768E26117542}"
EndProject
Project("{FAE04EC0-301F-11D3-BF4B-00C04F79EFBC}") = "ProductsApplication", "ProductsApplication\ProductsApplication.csproj", "{0EEBEA80-74F8-4B39-A3C4-BC6E50217176}"
EndProject
Global
	GlobalSection(SolutionConfigurationPlatforms) = preSolution
		Debug|Any CPU = Debug|Any CPU
		Release|Any CPU = Release|Any CPU
	EndGlobalSection
	GlobalSection(ProjectConfigurationPlatforms) = postSolution
		{1C62A53E-B52E-4800-9040-656E645056D9}.Debug|Any CPU.ActiveCfg = Debug|Any CPU
		{1C62A53E-B52E-4800-9040-656E645056D9}.Debug|Any CPU.Build.0 = Debug|Any CPU
		{1C62A53E-B52E-4800-9040-656E645056D9}.Release|Any CPU.ActiveCfg = Release|Any CPU
		{1C62A53E-B52E-4800-9040-656E645056D9}.Release|Any CPU.Build.0 = Release|Any CPU
		{E7675EA6-C7B4-4F48-90F1-6255DEF46A28}.Debug|Any CPU.ActiveCfg = Debug|Any CPU
		{E7675EA6-C7B4-4F48-90F1-6255DEF46A28}.Debug|Any CPU.Build.0 = Debug|Any CPU
		{E7675EA6-C7B4-4F48-90F1-6255DEF46A28}.Release|Any CPU.ActiveCfg = Release|Any CPU
		{E7675EA6-C7B4-4F48-90F1-6255DEF46A28}.Release|Any CPU.Build.0 = Release|Any CPU
		{E6C19D45-E809-49E0-B366-768E26117542}.Debug|Any CPU.ActiveCfg = Debug|Any CPU
		{E6C19D45-E809-49E0-B366-768E26117542}.Debug|Any CPU.Build.0 = Debug|Any CPU
		{E6C19D45-E809-49E0-B366-768E26117542}.Release|Any CPU.ActiveCfg = Release|Any CPU
		{E6C19D45-E809-49E0-B366-768E26117542}.Release|Any CPU.Build.0 = Release|Any CPU
		{0EEBEA80-74F8-4B39-A3C4-BC6E50217176}.Debug|Any CPU.ActiveCfg = Debug|Any CPU
		{0EEBEA80-74F8-4B39-A3C4-BC6E50217176}.Debug|Any CPU.Build.0 = Debug|Any CPU
		{0EEBEA80-74F8-4B39-A3C4-BC6E50217176}.Release|Any CPU.ActiveCfg = Release|Any CPU
		{0EEBEA80-74F8-4B39-A3C4-BC6E50217176}.Release|Any CPU.Build.0 = Release|Any CPU
	EndGlobalSection
	GlobalSection(SolutionProperties) = preSolution
		HideSolutionNode = FALSE
	EndGlobalSection
	GlobalSection(ExtensibilityGlobals) = postSolution
		SolutionGuid = {C6A797EC-578F-412C-ADC4-EAC458528DFA}
	EndGlobalSection
EndGlobal
